{
  "nodes": {
    "neorv32": {
      "flake": false,
      "locked": {
        "lastModified": 1783119265,
        "narHash": "sha256-akcM6/DgdP2rePcOv8Z/2GwuL1slrAV76/FZ0BpLtC0=",
        "owner": "stnolting",
        "repo": "neorv32",
        "rev": "86b0edafb49184bd1d45a5eaddbc65c97d2e6268",
        "type": "github"
      },
      "original": {
        "owner": "stnolting",
        "repo": "neorv32",
        "type": "github"
      }
    },
    "nixpkgs": {
      "locked": {
        "lastModified": 1783224372,
        "narHash": "sha256-8i/87eeoqiGE4yOTjwSA3Eh/ziJRQEmd/unYU+K27sk=",
        "owner": "NixOS",
        "repo": "nixpkgs",
        "rev": "d407951447dcd00442e97087bf374aad70c04cea",
        "type": "github"
      },
      "original": {
        "owner": "NixOS",
        "ref": "nixos-unstable",
        "repo": "nixpkgs",
        "type": "github"
      }
    },
    "root": {
      "inputs": {
        "neorv32": "neorv32",
        "nixpkgs": "nixpkgs"
      }
    }
  },
  "root": "root",
  "version": 7
}
